github.com/cloudevents/sdk-go/v2 v2.13.0 h1:2zxDS8RyY1/wVPULGGbdgniGXSzLaRJVl136fLXGsYw=
github.com/cloudevents/sdk-go/v2 v2.13.0/go.mod h1:xDmKfzNjM8gBvjaF8ijFjM1VYOVUEeUfapHMUX1T5To=
github.com/google/uuid v1.3.0 h1:t6JiXgmwXMjEs8VusXIJk2BXHsn+wx8BZdTaoZ5fu7I=
github.com/google/uuid v1.3.0/go.mod h1:TIyPZe4MgqvfeYDBFedMoGGpEw/LqOeaOT+nhxU+yHo=
